
Microsoft Visual Studio Solution File, Format Version 12.00
# Visual Studio Version 17
VisualStudioVersion = 17.14.36518.9 d17.14
MinimumVisualStudioVersion = 10.0.40219.1
Project("{FAE04EC0-301F-11D3-BF4B-00C04F79EFBC}") = "Лабораторная 3 практикум", "Лабораторная 3 практикум\Лабораторная 3 практикум.csproj", "{D581096E-74AD-46BE-8F7F-ADC30950AE0C}"
EndProject
Global
	GlobalSection(SolutionConfigurationPlatforms) = preSolution
		Debug|Any CPU = Debug|Any CPU
		Release|Any CPU = Release|Any CPU
	EndGlobalSection
	GlobalSection(ProjectConfigurationPlatforms) = postSolution
		{D581096E-74AD-46BE-8F7F-ADC30950AE0C}.Debug|Any CPU.ActiveCfg = Debug|Any CPU
		{D581096E-74AD-46BE-8F7F-ADC30950AE0C}.Debug|Any CPU.Build.0 = Debug|Any CPU
		{D581096E-74AD-46BE-8F7F-ADC30950AE0C}.Release|Any CPU.ActiveCfg = Release|Any CPU
		{D581096E-74AD-46BE-8F7F-ADC30950AE0C}.Release|Any CPU.Build.0 = Release|Any CPU
	EndGlobalSection
	GlobalSection(SolutionProperties) = preSolution
		HideSolutionNode = FALSE
	EndGlobalSection
	GlobalSection(ExtensibilityGlobals) = postSolution
		SolutionGuid = {B8BF019C-ECEB-469C-86E4-C56FE476CBCD}
	EndGlobalSection
EndGlobal
